
Microsoft Visual Studio Solution File, Format Version 12.00
# Visual Studio 14
VisualStudioVersion = 14.0.25420.1
MinimumVisualStudioVersion = 10.0.40219.1
Project("{8BB2217D-0F2D-49D1-97BC-3654ED321F3B}") = "IsThisGeekAlive", "IsThisGeekAlive\IsThisGeekAlive.xproj", "{1CF36613-1CD9-432C-8106-9B8BFFF927C7}"
EndProject
Project("{FAE04EC0-301F-11D3-BF4B-00C04F79EFBC}") = "IsThisGeekAliveMonitor", "IsThisGeekAliveMonitor\IsThisGeekAliveMonitor.csproj", "{F0E3E43A-CF23-40ED-9039-9D6F6AB93953}"
EndProject
Project("{2150E333-8FDC-42A3-9474-1A3956D46DE8}") = "Solution Items", "Solution Items", "{5210B734-0D83-4E7D-8FA1-F874EEB84372}"
	ProjectSection(SolutionItems) = preProject
		License.txt = License.txt
		Readme.md = Readme.md
	EndProjectSection
EndProject
Global
	GlobalSection(SolutionConfigurationPlatforms) = preSolution
		Debug|Any CPU = Debug|Any CPU
		Release|Any CPU = Release|Any CPU
	EndGlobalSection
	GlobalSection(ProjectConfigurationPlatforms) = postSolution
		{1CF36613-1CD9-432C-8106-9B8BFFF927C7}.Debug|Any CPU.ActiveCfg = Debug|Any CPU
		{1CF36613-1CD9-432C-8106-9B8BFFF927C7}.Debug|Any CPU.Build.0 = Debug|Any CPU
		{1CF36613-1CD9-432C-8106-9B8BFFF927C7}.Release|Any CPU.ActiveCfg = Release|Any CPU
		{1CF36613-1CD9-432C-8106-9B8BFFF927C7}.Release|Any CPU.Build.0 = Release|Any CPU
		{F0E3E43A-CF23-40ED-9039-9D6F6AB93953}.Debug|Any CPU.ActiveCfg = Debug|Any CPU
		{F0E3E43A-CF23-40ED-9039-9D6F6AB93953}.Debug|Any CPU.Build.0 = Debug|Any CPU
		{F0E3E43A-CF23-40ED-9039-9D6F6AB93953}.Release|Any CPU.ActiveCfg = Release|Any CPU
		{F0E3E43A-CF23-40ED-9039-9D6F6AB93953}.Release|Any CPU.Build.0 = Release|Any CPU
	EndGlobalSection
	GlobalSection(SolutionProperties) = preSolution
		HideSolutionNode = FALSE
	EndGlobalSection
EndGlobal
